{
  "name": "cc043_tea-xyz-quest",
  "lockfileVersion": 3,
  "requires": true,
  "packages": {
    "": {
      "dependencies": {
        "baby-tea": "^6.0.0"
      }
    },
    "node_modules/baby-tea": {
      "version": "6.0.0",
      "resolved": "https://registry.npmjs.org/baby-tea/-/baby-tea-6.0.0.tgz",
      "integrity": "sha512-EUVV5DrpMbTAm5QdkgVe90RGbbM2qnXkInevL/4hv+lmPL/+Z46mPwVQT0gShN6ay9iiFBCmBG9dRlCUWZlRkA==",
      "dependencies": {
        "baby-tea": "^5.0.0"
      }
    },
    "node_modules/baby-tea/node_modules/baby-tea": {
      "version": "5.0.0",
      "resolved": "https://registry.npmjs.org/baby-tea/-/baby-tea-5.0.0.tgz",
      "integrity": "sha512-DEetn3StvLbb3hqOJ6JrPaKq+0na1R4o5x+Zqfv9ZnwKkrTQrhsyvXxj0eEXb6pMfCxuOBBuGaIYqp5uYAWa9g=="
    }
  }
}
